# THIS IS AN AUTOGENERATED FILE. DO NOT EDIT THIS FILE DIRECTLY.
# yarn lockfile v1


turbo-darwin-64@1.2.12:
  version "1.2.12"
  resolved "https://registry.yarnpkg.com/turbo-darwin-64/-/turbo-darwin-64-1.2.12.tgz#b5b1394a25cdcec94ce604848d8df7a590640938"
  integrity sha512-Tb9aRlMHKfMUnnxmChqNKIidUD6PTv01fUGBkNNeGv3ViXrsfnRjKuvSW4+moSpm2NasqiLAZzwctwW5YLdmwg==

turbo-darwin-arm64@1.2.12:
  version "1.2.12"
  resolved "https://registry.yarnpkg.com/turbo-darwin-arm64/-/turbo-darwin-arm64-1.2.12.tgz#1a9fe1ef6ee83b3aed24e2dab283a3d890c9ab94"
  integrity sha512-kvmbNiINtIg4TLX0tW7Qlaf7e4BEnBBUK7nhI3dC6n7aILxW5nhr9pZJC4OJz5tTJq9i5pTrbKu42g9nwUONOg==

turbo-freebsd-64@1.2.12:
  version "1.2.12"
  resolved "https://registry.yarnpkg.com/turbo-freebsd-64/-/turbo-freebsd-64-1.2.12.tgz#9c7240d90c9ae24214ac8abb4982abc8bd2b89f4"
  integrity sha512-c9PFeau4/lTGtcSejN+MNHJ6OJjsxUfP3Ctdha7niuqT9nk18McSkM2JIqlERFJ2TA1lcUxpN8viV5FXlkW0xA==

turbo-freebsd-arm64@1.2.12:
  version "1.2.12"
  resolved "https://registry.yarnpkg.com/turbo-freebsd-arm64/-/turbo-freebsd-arm64-1.2.12.tgz#cf2619b1085d59d66fb75f2a0527eba22db3aebf"
  integrity sha512-8obbWS9+hnyCDP1JvcIQArwv/iDEOYkt0Kp2LHZoHSeShXkuKSXMqopM3yiCAhHVQ5LOHN4gPdLZlnmdgzoqOg==

turbo-linux-32@1.2.12:
  version "1.2.12"
  resolved "https://registry.yarnpkg.com/turbo-linux-32/-/turbo-linux-32-1.2.12.tgz#bf28458269080e613dc4a46506ed41fea5723fb3"
  integrity sha512-s+K1xvAcTWhuCfm2xSyxEeTr/ljNGLN2yTt3HdB0Dj7uHWwq/balYegPRpVrtqTZjkz2+adblr9uGgyZJalrAg==

turbo-linux-64@1.2.12:
  version "1.2.12"
  resolved "https://registry.yarnpkg.com/turbo-linux-64/-/turbo-linux-64-1.2.12.tgz#1e4f2be8df42cc153c999813caedabd129fb9422"
  integrity sha512-jl3YBpXxEpG3GWNVhGRoQLAebl3NnL705pIXfkBe/+nVCSah8ft6XqMzjlBZvuaOS1+myUVL5Wk2yOgoRITiYA==

turbo-linux-arm64@1.2.12:
  version "1.2.12"
  resolved "https://registry.yarnpkg.com/turbo-linux-arm64/-/turbo-linux-arm64-1.2.12.tgz#5a555f5d88e75940477b77187364c4abef3011bc"
  integrity sha512-UIljUb4ozDkz6oHPZVEmYBvQ+fF0uphgG8e9umNay+9UojPQmSW3hp2FTQ+cK77XRQHvM5bLMa422JV7dwC8Iw==

turbo-linux-arm@1.2.12:
  version "1.2.12"
  resolved "https://registry.yarnpkg.com/turbo-linux-arm/-/turbo-linux-arm-1.2.12.tgz#1eedd4aac0e1d07764bbde2ce734934f56d3568d"
  integrity sha512-u1YoQb7Eil42+k3/88H3t3oieYN80AF33ovNETh6230HkkiDtT7n12n2XTqHuZTSwksppqFULsnSKRikioCZGA==

turbo-linux-mips64le@1.2.12:
  version "1.2.12"
  resolved "https://registry.yarnpkg.com/turbo-linux-mips64le/-/turbo-linux-mips64le-1.2.12.tgz#0c049a2a733bb28c0110f74295db421c7863550c"
  integrity sha512-lAYxRNYymQ9xcFuX4lgAu3v4lcMMNgKUbAHnHVv3689qi7cxBQatb5ZoPI4xFX0fJIyo7tKFgfcsoaE259mqPg==

turbo-linux-ppc64le@1.2.12:
  version "1.2.12"
  resolved "https://registry.yarnpkg.com/turbo-linux-ppc64le/-/turbo-linux-ppc64le-1.2.12.tgz#fc86fa52d6f330b25b290a29fae2d445af4ca862"
  integrity sha512-r0q1a9ELcCDwC9jZ3Z+OfYqCW81G83EPXXMqzrWzvlU8tzb/Af634T36Ez819oiu7suX527ay0kts0ZMFgVDpw==

turbo-windows-32@1.2.12:
  version "1.2.12"
  resolved "https://registry.yarnpkg.com/turbo-windows-32/-/turbo-windows-32-1.2.12.tgz#ee9115d705fed268ad47685d923330da2b51eee2"
  integrity sha512-5Rdvoka889FqFryE6xUUidH0+cy3T0cnTSaeOINPYxhoUlmPbJINObrqY9L7gJFeoEcVuz0rXvZYV/5Ri3t92A==

turbo-windows-64@1.2.12:
  version "1.2.12"
  resolved "https://registry.yarnpkg.com/turbo-windows-64/-/turbo-windows-64-1.2.12.tgz#2f2540f825e3bad7115c6cea695f42e767ced1b8"
  integrity sha512-crKWC6kx0Fd+xjcA+sBv0GYgPHsrNHPx6V6i7HWXUEaT3LxUyl3RbXJ9oZloVMN4nT0c4WZmVz6at3nukBkhUQ==

turbo-windows-arm64@1.2.12:
  version "1.2.12"
  resolved "https://registry.yarnpkg.com/turbo-windows-arm64/-/turbo-windows-arm64-1.2.12.tgz#7ec61147b2208e59fa2fe58fea0deadadea814bc"
  integrity sha512-EwqWvy8ahuTgYkygB4cCwpIafctPWzICh6JSlwkJEL+O9E7SHTW0DhVBQNQM0u/WSSVU7Pm1QV6YjDKzZ415VA==

turbo@^1.2.12:
  version "1.2.12"
  resolved "https://registry.yarnpkg.com/turbo/-/turbo-1.2.12.tgz#f62c1fd9a182d86e0c771a21f663ecf8778ea9ab"
  integrity sha512-mqTye/2FKdDUk4sIxHvu9WX1Q8RBWRwLUuHQFPfrygMvUm09QsoFgXvr7qQqZJ9rBmSJ/aaCAMPdZpV/BlhchA==
  optionalDependencies:
    turbo-darwin-64 "1.2.12"
    turbo-darwin-arm64 "1.2.12"
    turbo-freebsd-64 "1.2.12"
    turbo-freebsd-arm64 "1.2.12"
    turbo-linux-32 "1.2.12"
    turbo-linux-64 "1.2.12"
    turbo-linux-arm "1.2.12"
    turbo-linux-arm64 "1.2.12"
    turbo-linux-mips64le "1.2.12"
    turbo-linux-ppc64le "1.2.12"
    turbo-windows-32 "1.2.12"
    turbo-windows-64 "1.2.12"
    turbo-windows-arm64 "1.2.12"
